
Microsoft Visual Studio Solution File, Format Version 12.00
# Visual Studio Version 16
VisualStudioVersion = 16.0.32510.428
MinimumVisualStudioVersion = 10.0.40219.1
Project("{9A19103F-16F7-4668-BE54-9A1E7A4F7556}") = "01. Integer Operations", "01. Integer Operations\01. Integer Operations.csproj", "{092F44B8-3177-4E0A-99D5-4F993CA8D9DF}"
EndProject
Project("{9A19103F-16F7-4668-BE54-9A1E7A4F7556}") = "02. Sum Digits", "02. Sum Digits\02. Sum Digits.csproj", "{80F7BAB5-1148-4FC9-A41B-9A05F703B85E}"
EndProject
Project("{9A19103F-16F7-4668-BE54-9A1E7A4F7556}") = "03. Elevator", "03. Elevator\03. Elevator.csproj", "{2066C3FD-240E-49F7-9A79-435CFF679A09}"
EndProject
Project("{9A19103F-16F7-4668-BE54-9A1E7A4F7556}") = "04. Sum of Chars", "04. Sum of Chars\04. Sum of Chars.csproj", "{E2A3C31A-A341-4965-8AA4-5D048CE2FAD0}"
EndProject
Project("{9A19103F-16F7-4668-BE54-9A1E7A4F7556}") = "05. Print Part Of ASCII Table", "05. Print Part Of ASCII Table\05. Print Part Of ASCII Table.csproj", "{4DCBC687-25B9-4DAC-8769-C2E319645843}"
EndProject
Project("{9A19103F-16F7-4668-BE54-9A1E7A4F7556}") = "06. Triples of Latin Letters", "06. Triples of Latin Letters\06. Triples of Latin Letters.csproj", "{DD3B6378-A061-456D-9908-7B90C7C19E7A}"
EndProject
Project("{9A19103F-16F7-4668-BE54-9A1E7A4F7556}") = "6. Triples of Latin Letters.V2", "6. Triples of Latin Letters.V2\6. Triples of Latin Letters.V2.csproj", "{C3CA54DA-4BA9-4FF5-9F2C-CB83D4137D2C}"
EndProject
Project("{9A19103F-16F7-4668-BE54-9A1E7A4F7556}") = "07. Water Overflow", "07. Water Overflow\07. Water Overflow.csproj", "{7439D611-8D3A-411B-A898-9409309BD2FE}"
EndProject
Project("{9A19103F-16F7-4668-BE54-9A1E7A4F7556}") = "08. Beer Kegs", "08. Beer Kegs\08. Beer Kegs.csproj", "{88D9FF35-23BD-4EA8-95E9-D69B1F68C811}"
EndProject
Project("{9A19103F-16F7-4668-BE54-9A1E7A4F7556}") = "9. Spice Must Flow", "9. Spice Must Flow\9. Spice Must Flow.csproj", "{39E8DFB1-7218-45F9-BBAD-030A5070A6BA}"
EndProject
Project("{9A19103F-16F7-4668-BE54-9A1E7A4F7556}") = "10. Poke Mon", "10. Poke Mon\10. Poke Mon.csproj", "{8EEF8B31-F505-40DC-A8E4-CAEBB3E03B76}"
EndProject
Project("{FAE04EC0-301F-11D3-BF4B-00C04F79EFBC}") = "11.SnowBalls", "11.SnowBalls\11.SnowBalls.csproj", "{E1B31C3C-40AD-4926-B76C-E222FEDFAEC3}"
EndProject
Global
	GlobalSection(SolutionConfigurationPlatforms) = preSolution
		Debug|Any CPU = Debug|Any CPU
		Release|Any CPU = Release|Any CPU
	EndGlobalSection
	GlobalSection(ProjectConfigurationPlatforms) = postSolution
		{092F44B8-3177-4E0A-99D5-4F993CA8D9DF}.Debug|Any CPU.ActiveCfg = Debug|Any CPU
		{092F44B8-3177-4E0A-99D5-4F993CA8D9DF}.Debug|Any CPU.Build.0 = Debug|Any CPU
		{092F44B8-3177-4E0A-99D5-4F993CA8D9DF}.Release|Any CPU.ActiveCfg = Release|Any CPU
		{092F44B8-3177-4E0A-99D5-4F993CA8D9DF}.Release|Any CPU.Build.0 = Release|Any CPU
		{80F7BAB5-1148-4FC9-A41B-9A05F703B85E}.Debug|Any CPU.ActiveCfg = Debug|Any CPU
		{80F7BAB5-1148-4FC9-A41B-9A05F703B85E}.Debug|Any CPU.Build.0 = Debug|Any CPU
		{80F7BAB5-1148-4FC9-A41B-9A05F703B85E}.Release|Any CPU.ActiveCfg = Release|Any CPU
		{80F7BAB5-1148-4FC9-A41B-9A05F703B85E}.Release|Any CPU.Build.0 = Release|Any CPU
		{2066C3FD-240E-49F7-9A79-435CFF679A09}.Debug|Any CPU.ActiveCfg = Debug|Any CPU
		{2066C3FD-240E-49F7-9A79-435CFF679A09}.Debug|Any CPU.Build.0 = Debug|Any CPU
		{2066C3FD-240E-49F7-9A79-435CFF679A09}.Release|Any CPU.ActiveCfg = Release|Any CPU
		{2066C3FD-240E-49F7-9A79-435CFF679A09}.Release|Any CPU.Build.0 = Release|Any CPU
		{E2A3C31A-A341-4965-8AA4-5D048CE2FAD0}.Debug|Any CPU.ActiveCfg = Debug|Any CPU
		{E2A3C31A-A341-4965-8AA4-5D048CE2FAD0}.Debug|Any CPU.Build.0 = Debug|Any CPU
		{E2A3C31A-A341-4965-8AA4-5D048CE2FAD0}.Release|Any CPU.ActiveCfg = Release|Any CPU
		{E2A3C31A-A341-4965-8AA4-5D048CE2FAD0}.Release|Any CPU.Build.0 = Release|Any CPU
		{4DCBC687-25B9-4DAC-8769-C2E319645843}.Debug|Any CPU.ActiveCfg = Debug|Any CPU
		{4DCBC687-25B9-4DAC-8769-C2E319645843}.Debug|Any CPU.Build.0 = Debug|Any CPU
		{4DCBC687-25B9-4DAC-8769-C2E319645843}.Release|Any CPU.ActiveCfg = Release|Any CPU
		{4DCBC687-25B9-4DAC-8769-C2E319645843}.Release|Any CPU.Build.0 = Release|Any CPU
		{DD3B6378-A061-456D-9908-7B90C7C19E7A}.Debug|Any CPU.ActiveCfg = Debug|Any CPU
		{DD3B6378-A061-456D-9908-7B90C7C19E7A}.Debug|Any CPU.Build.0 = Debug|Any CPU
		{DD3B6378-A061-456D-9908-7B90C7C19E7A}.Release|Any CPU.ActiveCfg = Release|Any CPU
		{DD3B6378-A061-456D-9908-7B90C7C19E7A}.Release|Any CPU.Build.0 = Release|Any CPU
		{C3CA54DA-4BA9-4FF5-9F2C-CB83D4137D2C}.Debug|Any CPU.ActiveCfg = Debug|Any CPU
		{C3CA54DA-4BA9-4FF5-9F2C-CB83D4137D2C}.Debug|Any CPU.Build.0 = Debug|Any CPU
		{C3CA54DA-4BA9-4FF5-9F2C-CB83D4137D2C}.Release|Any CPU.ActiveCfg = Release|Any CPU
		{C3CA54DA-4BA9-4FF5-9F2C-CB83D4137D2C}.Release|Any CPU.Build.0 = Release|Any CPU
		{7439D611-8D3A-411B-A898-9409309BD2FE}.Debug|Any CPU.ActiveCfg = Debug|Any CPU
		{7439D611-8D3A-411B-A898-9409309BD2FE}.Debug|Any CPU.Build.0 = Debug|Any CPU
		{7439D611-8D3A-411B-A898-9409309BD2FE}.Release|Any CPU.ActiveCfg = Release|Any CPU
		{7439D611-8D3A-411B-A898-9409309BD2FE}.Release|Any CPU.Build.0 = Release|Any CPU
		{88D9FF35-23BD-4EA8-95E9-D69B1F68C811}.Debug|Any CPU.ActiveCfg = Debug|Any CPU
		{88D9FF35-23BD-4EA8-95E9-D69B1F68C811}.Debug|Any CPU.Build.0 = Debug|Any CPU
		{88D9FF35-23BD-4EA8-95E9-D69B1F68C811}.Release|Any CPU.ActiveCfg = Release|Any CPU
		{88D9FF35-23BD-4EA8-95E9-D69B1F68C811}.Release|Any CPU.Build.0 = Release|Any CPU
		{39E8DFB1-7218-45F9-BBAD-030A5070A6BA}.Debug|Any CPU.ActiveCfg = Debug|Any CPU
		{39E8DFB1-7218-45F9-BBAD-030A5070A6BA}.Debug|Any CPU.Build.0 = Debug|Any CPU
		{39E8DFB1-7218-45F9-BBAD-030A5070A6BA}.Release|Any CPU.ActiveCfg = Release|Any CPU
		{39E8DFB1-7218-45F9-BBAD-030A5070A6BA}.Release|Any CPU.Build.0 = Release|Any CPU
		{8EEF8B31-F505-40DC-A8E4-CAEBB3E03B76}.Debug|Any CPU.ActiveCfg = Debug|Any CPU
		{8EEF8B31-F505-40DC-A8E4-CAEBB3E03B76}.Debug|Any CPU.Build.0 = Debug|Any CPU
		{8EEF8B31-F505-40DC-A8E4-CAEBB3E03B76}.Release|Any CPU.ActiveCfg = Release|Any CPU
		{8EEF8B31-F505-40DC-A8E4-CAEBB3E03B76}.Release|Any CPU.Build.0 = Release|Any CPU
		{E1B31C3C-40AD-4926-B76C-E222FEDFAEC3}.Debug|Any CPU.ActiveCfg = Debug|Any CPU
		{E1B31C3C-40AD-4926-B76C-E222FEDFAEC3}.Debug|Any CPU.Build.0 = Debug|Any CPU
		{E1B31C3C-40AD-4926-B76C-E222FEDFAEC3}.Release|Any CPU.ActiveCfg = Release|Any CPU
		{E1B31C3C-40AD-4926-B76C-E222FEDFAEC3}.Release|Any CPU.Build.0 = Release|Any CPU
	EndGlobalSection
	GlobalSection(SolutionProperties) = preSolution
		HideSolutionNode = FALSE
	EndGlobalSection
	GlobalSection(ExtensibilityGlobals) = postSolution
		SolutionGuid = {BCD5080D-B385-4B1D-A575-14E98D9B8B17}
	EndGlobalSection
EndGlobal
