
Microsoft Visual Studio Solution File, Format Version 12.00
# Visual Studio Version 16
VisualStudioVersion = 16.0.32428.217
MinimumVisualStudioVersion = 10.0.40219.1
Project("{9A19103F-16F7-4668-BE54-9A1E7A4F7556}") = "Student Information_01", "Student Information_01\Student Information_01.csproj", "{E6E3929E-CF61-4A89-8E9D-2AD54AFB9FF5}"
EndProject
Project("{9A19103F-16F7-4668-BE54-9A1E7A4F7556}") = "Passed_02", "Passed_02\Passed_02.csproj", "{BED2EC4D-8AC7-4F73-993D-5371FABF403F}"
EndProject
Project("{9A19103F-16F7-4668-BE54-9A1E7A4F7556}") = "Passed or Failed_03", "Passed or Failed_03\Passed or Failed_03.csproj", "{A541CB3F-EBB5-401D-8FDE-3A2A6326F381}"
EndProject
Project("{9A19103F-16F7-4668-BE54-9A1E7A4F7556}") = "Back in 30 Minutes_04", "Back in 30 Minutes_04\Back in 30 Minutes_04.csproj", "{C81D4237-1010-4312-ADCF-8FE9AF6B7AA5}"
EndProject
Project("{9A19103F-16F7-4668-BE54-9A1E7A4F7556}") = "Month Printer_05", "Month Printer_05\Month Printer_05.csproj", "{F7137343-280C-4E03-A37D-B4CD84F5442F}"
EndProject
Project("{9A19103F-16F7-4668-BE54-9A1E7A4F7556}") = "Foreign Languages_06", "Foreign Languages_06\Foreign Languages_06.csproj", "{B5B039EE-FCE6-4735-9067-FEB081B58935}"
EndProject
Project("{9A19103F-16F7-4668-BE54-9A1E7A4F7556}") = "Theatre Promotions_07", "Theatre Promotions_06\Theatre Promotions_07.csproj", "{452A6781-8BAB-454C-A5F3-84B993A4EF07}"
EndProject
Project("{9A19103F-16F7-4668-BE54-9A1E7A4F7556}") = "Divisible by 3_07", "Divisible by 3_07\Divisible by 3_07.csproj", "{401C1E30-E065-483C-AC78-D833F005F340}"
EndProject
Project("{9A19103F-16F7-4668-BE54-9A1E7A4F7556}") = "Divisible by 3_08", "Divisible by 3_08\Divisible by 3_08.csproj", "{01FF3552-D671-400E-B59E-93EDEF6634EF}"
EndProject
Project("{9A19103F-16F7-4668-BE54-9A1E7A4F7556}") = "Sum of Odd Numbers_09", "Sum of Odd Numbers_09\Sum of Odd Numbers_09.csproj", "{7CED8C4A-AE44-40A7-8608-6466A0FDE966}"
EndProject
Project("{FAE04EC0-301F-11D3-BF4B-00C04F79EFBC}") = "Multiplication Table_10", "Multiplication Table_10\Multiplication Table_10.csproj", "{13D71D19-2CCE-4267-9CA8-5D3ED3374A0E}"
EndProject
Project("{FAE04EC0-301F-11D3-BF4B-00C04F79EFBC}") = "Multiplication Table 2.0_11", "Multiplication Table 2.0_11\Multiplication Table 2.0_11.csproj", "{4CD44DD3-29AF-4C87-98A2-2D0B96944482}"
EndProject
Project("{FAE04EC0-301F-11D3-BF4B-00C04F79EFBC}") = "Even Number_12", "Even Number_12\Even Number_12.csproj", "{C6A199F6-3F0C-4DF5-A032-747A5DCEFB8D}"
EndProject
Project("{FAE04EC0-301F-11D3-BF4B-00C04F79EFBC}") = "Holidays Between Two Dates_13", "Holidays Between Two Dates_13\Holidays Between Two Dates_13.csproj", "{8512E2CD-C541-42BF-89B8-210384FA5C2A}"
EndProject
Global
	GlobalSection(SolutionConfigurationPlatforms) = preSolution
		Debug|Any CPU = Debug|Any CPU
		Release|Any CPU = Release|Any CPU
	EndGlobalSection
	GlobalSection(ProjectConfigurationPlatforms) = postSolution
		{E6E3929E-CF61-4A89-8E9D-2AD54AFB9FF5}.Debug|Any CPU.ActiveCfg = Debug|Any CPU
		{E6E3929E-CF61-4A89-8E9D-2AD54AFB9FF5}.Debug|Any CPU.Build.0 = Debug|Any CPU
		{E6E3929E-CF61-4A89-8E9D-2AD54AFB9FF5}.Release|Any CPU.ActiveCfg = Release|Any CPU
		{E6E3929E-CF61-4A89-8E9D-2AD54AFB9FF5}.Release|Any CPU.Build.0 = Release|Any CPU
		{BED2EC4D-8AC7-4F73-993D-5371FABF403F}.Debug|Any CPU.ActiveCfg = Debug|Any CPU
		{BED2EC4D-8AC7-4F73-993D-5371FABF403F}.Debug|Any CPU.Build.0 = Debug|Any CPU
		{BED2EC4D-8AC7-4F73-993D-5371FABF403F}.Release|Any CPU.ActiveCfg = Release|Any CPU
		{BED2EC4D-8AC7-4F73-993D-5371FABF403F}.Release|Any CPU.Build.0 = Release|Any CPU
		{A541CB3F-EBB5-401D-8FDE-3A2A6326F381}.Debug|Any CPU.ActiveCfg = Debug|Any CPU
		{A541CB3F-EBB5-401D-8FDE-3A2A6326F381}.Debug|Any CPU.Build.0 = Debug|Any CPU
		{A541CB3F-EBB5-401D-8FDE-3A2A6326F381}.Release|Any CPU.ActiveCfg = Release|Any CPU
		{A541CB3F-EBB5-401D-8FDE-3A2A6326F381}.Release|Any CPU.Build.0 = Release|Any CPU
		{C81D4237-1010-4312-ADCF-8FE9AF6B7AA5}.Debug|Any CPU.ActiveCfg = Debug|Any CPU
		{C81D4237-1010-4312-ADCF-8FE9AF6B7AA5}.Debug|Any CPU.Build.0 = Debug|Any CPU
		{C81D4237-1010-4312-ADCF-8FE9AF6B7AA5}.Release|Any CPU.ActiveCfg = Release|Any CPU
		{C81D4237-1010-4312-ADCF-8FE9AF6B7AA5}.Release|Any CPU.Build.0 = Release|Any CPU
		{F7137343-280C-4E03-A37D-B4CD84F5442F}.Debug|Any CPU.ActiveCfg = Debug|Any CPU
		{F7137343-280C-4E03-A37D-B4CD84F5442F}.Debug|Any CPU.Build.0 = Debug|Any CPU
		{F7137343-280C-4E03-A37D-B4CD84F5442F}.Release|Any CPU.ActiveCfg = Release|Any CPU
		{F7137343-280C-4E03-A37D-B4CD84F5442F}.Release|Any CPU.Build.0 = Release|Any CPU
		{B5B039EE-FCE6-4735-9067-FEB081B58935}.Debug|Any CPU.ActiveCfg = Debug|Any CPU
		{B5B039EE-FCE6-4735-9067-FEB081B58935}.Debug|Any CPU.Build.0 = Debug|Any CPU
		{B5B039EE-FCE6-4735-9067-FEB081B58935}.Release|Any CPU.ActiveCfg = Release|Any CPU
		{B5B039EE-FCE6-4735-9067-FEB081B58935}.Release|Any CPU.Build.0 = Release|Any CPU
		{452A6781-8BAB-454C-A5F3-84B993A4EF07}.Debug|Any CPU.ActiveCfg = Debug|Any CPU
		{452A6781-8BAB-454C-A5F3-84B993A4EF07}.Debug|Any CPU.Build.0 = Debug|Any CPU
		{452A6781-8BAB-454C-A5F3-84B993A4EF07}.Release|Any CPU.ActiveCfg = Release|Any CPU
		{452A6781-8BAB-454C-A5F3-84B993A4EF07}.Release|Any CPU.Build.0 = Release|Any CPU
		{401C1E30-E065-483C-AC78-D833F005F340}.Debug|Any CPU.ActiveCfg = Debug|Any CPU
		{401C1E30-E065-483C-AC78-D833F005F340}.Debug|Any CPU.Build.0 = Debug|Any CPU
		{401C1E30-E065-483C-AC78-D833F005F340}.Release|Any CPU.ActiveCfg = Release|Any CPU
		{401C1E30-E065-483C-AC78-D833F005F340}.Release|Any CPU.Build.0 = Release|Any CPU
		{01FF3552-D671-400E-B59E-93EDEF6634EF}.Debug|Any CPU.ActiveCfg = Debug|Any CPU
		{01FF3552-D671-400E-B59E-93EDEF6634EF}.Debug|Any CPU.Build.0 = Debug|Any CPU
		{01FF3552-D671-400E-B59E-93EDEF6634EF}.Release|Any CPU.ActiveCfg = Release|Any CPU
		{01FF3552-D671-400E-B59E-93EDEF6634EF}.Release|Any CPU.Build.0 = Release|Any CPU
		{7CED8C4A-AE44-40A7-8608-6466A0FDE966}.Debug|Any CPU.ActiveCfg = Debug|Any CPU
		{7CED8C4A-AE44-40A7-8608-6466A0FDE966}.Debug|Any CPU.Build.0 = Debug|Any CPU
		{7CED8C4A-AE44-40A7-8608-6466A0FDE966}.Release|Any CPU.ActiveCfg = Release|Any CPU
		{7CED8C4A-AE44-40A7-8608-6466A0FDE966}.Release|Any CPU.Build.0 = Release|Any CPU
		{13D71D19-2CCE-4267-9CA8-5D3ED3374A0E}.Debug|Any CPU.ActiveCfg = Debug|Any CPU
		{13D71D19-2CCE-4267-9CA8-5D3ED3374A0E}.Debug|Any CPU.Build.0 = Debug|Any CPU
		{13D71D19-2CCE-4267-9CA8-5D3ED3374A0E}.Release|Any CPU.ActiveCfg = Release|Any CPU
		{13D71D19-2CCE-4267-9CA8-5D3ED3374A0E}.Release|Any CPU.Build.0 = Release|Any CPU
		{4CD44DD3-29AF-4C87-98A2-2D0B96944482}.Debug|Any CPU.ActiveCfg = Debug|Any CPU
		{4CD44DD3-29AF-4C87-98A2-2D0B96944482}.Debug|Any CPU.Build.0 = Debug|Any CPU
		{4CD44DD3-29AF-4C87-98A2-2D0B96944482}.Release|Any CPU.ActiveCfg = Release|Any CPU
		{4CD44DD3-29AF-4C87-98A2-2D0B96944482}.Release|Any CPU.Build.0 = Release|Any CPU
		{C6A199F6-3F0C-4DF5-A032-747A5DCEFB8D}.Debug|Any CPU.ActiveCfg = Debug|Any CPU
		{C6A199F6-3F0C-4DF5-A032-747A5DCEFB8D}.Debug|Any CPU.Build.0 = Debug|Any CPU
		{C6A199F6-3F0C-4DF5-A032-747A5DCEFB8D}.Release|Any CPU.ActiveCfg = Release|Any CPU
		{C6A199F6-3F0C-4DF5-A032-747A5DCEFB8D}.Release|Any CPU.Build.0 = Release|Any CPU
		{8512E2CD-C541-42BF-89B8-210384FA5C2A}.Debug|Any CPU.ActiveCfg = Debug|Any CPU
		{8512E2CD-C541-42BF-89B8-210384FA5C2A}.Debug|Any CPU.Build.0 = Debug|Any CPU
		{8512E2CD-C541-42BF-89B8-210384FA5C2A}.Release|Any CPU.ActiveCfg = Release|Any CPU
		{8512E2CD-C541-42BF-89B8-210384FA5C2A}.Release|Any CPU.Build.0 = Release|Any CPU
	EndGlobalSection
	GlobalSection(SolutionProperties) = preSolution
		HideSolutionNode = FALSE
	EndGlobalSection
	GlobalSection(ExtensibilityGlobals) = postSolution
		SolutionGuid = {6C0B28E5-781B-45CE-AC4A-F7693D567535}
	EndGlobalSection
EndGlobal
