
Microsoft Visual Studio Solution File, Format Version 12.00
# Visual Studio Version 16
VisualStudioVersion = 16.0.32510.428
MinimumVisualStudioVersion = 10.0.40219.1
Project("{9A19103F-16F7-4668-BE54-9A1E7A4F7556}") = "01. Day of Week", "01. Day of Week\01. Day of Week.csproj", "{EEDFAA3D-333C-4AD4-9439-85D965A01BFE}"
EndProject
Project("{9A19103F-16F7-4668-BE54-9A1E7A4F7556}") = "02. Print Numbers in Reverse Order", "02. Print Numbers in Reverse Order\02. Print Numbers in Reverse Order.csproj", "{29FDA9F2-DD40-4508-82C5-45612B8D3474}"
EndProject
Project("{9A19103F-16F7-4668-BE54-9A1E7A4F7556}") = "03. Rounding Numbers", "03. Rounding Numbers\03. Rounding Numbers.csproj", "{9E6469A4-23EE-485E-913B-79A8E22AB2DC}"
EndProject
Project("{9A19103F-16F7-4668-BE54-9A1E7A4F7556}") = "04. Reverse Array of Strings", "04. Reverse Array of Strings\04. Reverse Array of Strings.csproj", "{78DD5DB0-A394-41E0-9AA7-E7425CC56402}"
EndProject
Project("{9A19103F-16F7-4668-BE54-9A1E7A4F7556}") = "05. Sum Even Numbers", "05. Sum Even Numbers\05. Sum Even Numbers.csproj", "{031CB916-4991-4FD5-9179-6A2927E64CDF}"
EndProject
Project("{9A19103F-16F7-4668-BE54-9A1E7A4F7556}") = "06. Even and Odd Subtraction", "06. Even and Odd Subtraction\06. Even and Odd Subtraction.csproj", "{826E7204-69B6-4307-B985-6965AD2501D8}"
EndProject
Project("{9A19103F-16F7-4668-BE54-9A1E7A4F7556}") = "07. Equal Arrays", "07. Equal Arrays\07. Equal Arrays.csproj", "{DAD7642B-8F9B-48B1-A9ED-6E1819BAFC0C}"
EndProject
Project("{9A19103F-16F7-4668-BE54-9A1E7A4F7556}") = "08. Condense Array to Number", "08. Condense Array to Number\08. Condense Array to Number.csproj", "{1AA4E3C1-E2F7-4DE1-BE0A-CB7B7F4A9C81}"
EndProject
Project("{FAE04EC0-301F-11D3-BF4B-00C04F79EFBC}") = "08. Condense Array to Number.v2", "8. Condense Array to Number\08. Condense Array to Number.v2.csproj", "{C5BD404B-08CD-40EF-B385-FC47794AA017}"
EndProject
Global
	GlobalSection(SolutionConfigurationPlatforms) = preSolution
		Debug|Any CPU = Debug|Any CPU
		Release|Any CPU = Release|Any CPU
	EndGlobalSection
	GlobalSection(ProjectConfigurationPlatforms) = postSolution
		{EEDFAA3D-333C-4AD4-9439-85D965A01BFE}.Debug|Any CPU.ActiveCfg = Debug|Any CPU
		{EEDFAA3D-333C-4AD4-9439-85D965A01BFE}.Debug|Any CPU.Build.0 = Debug|Any CPU
		{EEDFAA3D-333C-4AD4-9439-85D965A01BFE}.Release|Any CPU.ActiveCfg = Release|Any CPU
		{EEDFAA3D-333C-4AD4-9439-85D965A01BFE}.Release|Any CPU.Build.0 = Release|Any CPU
		{29FDA9F2-DD40-4508-82C5-45612B8D3474}.Debug|Any CPU.ActiveCfg = Debug|Any CPU
		{29FDA9F2-DD40-4508-82C5-45612B8D3474}.Debug|Any CPU.Build.0 = Debug|Any CPU
		{29FDA9F2-DD40-4508-82C5-45612B8D3474}.Release|Any CPU.ActiveCfg = Release|Any CPU
		{29FDA9F2-DD40-4508-82C5-45612B8D3474}.Release|Any CPU.Build.0 = Release|Any CPU
		{9E6469A4-23EE-485E-913B-79A8E22AB2DC}.Debug|Any CPU.ActiveCfg = Debug|Any CPU
		{9E6469A4-23EE-485E-913B-79A8E22AB2DC}.Debug|Any CPU.Build.0 = Debug|Any CPU
		{9E6469A4-23EE-485E-913B-79A8E22AB2DC}.Release|Any CPU.ActiveCfg = Release|Any CPU
		{9E6469A4-23EE-485E-913B-79A8E22AB2DC}.Release|Any CPU.Build.0 = Release|Any CPU
		{78DD5DB0-A394-41E0-9AA7-E7425CC56402}.Debug|Any CPU.ActiveCfg = Debug|Any CPU
		{78DD5DB0-A394-41E0-9AA7-E7425CC56402}.Debug|Any CPU.Build.0 = Debug|Any CPU
		{78DD5DB0-A394-41E0-9AA7-E7425CC56402}.Release|Any CPU.ActiveCfg = Release|Any CPU
		{78DD5DB0-A394-41E0-9AA7-E7425CC56402}.Release|Any CPU.Build.0 = Release|Any CPU
		{031CB916-4991-4FD5-9179-6A2927E64CDF}.Debug|Any CPU.ActiveCfg = Debug|Any CPU
		{031CB916-4991-4FD5-9179-6A2927E64CDF}.Debug|Any CPU.Build.0 = Debug|Any CPU
		{031CB916-4991-4FD5-9179-6A2927E64CDF}.Release|Any CPU.ActiveCfg = Release|Any CPU
		{031CB916-4991-4FD5-9179-6A2927E64CDF}.Release|Any CPU.Build.0 = Release|Any CPU
		{826E7204-69B6-4307-B985-6965AD2501D8}.Debug|Any CPU.ActiveCfg = Debug|Any CPU
		{826E7204-69B6-4307-B985-6965AD2501D8}.Debug|Any CPU.Build.0 = Debug|Any CPU
		{826E7204-69B6-4307-B985-6965AD2501D8}.Release|Any CPU.ActiveCfg = Release|Any CPU
		{826E7204-69B6-4307-B985-6965AD2501D8}.Release|Any CPU.Build.0 = Release|Any CPU
		{DAD7642B-8F9B-48B1-A9ED-6E1819BAFC0C}.Debug|Any CPU.ActiveCfg = Debug|Any CPU
		{DAD7642B-8F9B-48B1-A9ED-6E1819BAFC0C}.Debug|Any CPU.Build.0 = Debug|Any CPU
		{DAD7642B-8F9B-48B1-A9ED-6E1819BAFC0C}.Release|Any CPU.ActiveCfg = Release|Any CPU
		{DAD7642B-8F9B-48B1-A9ED-6E1819BAFC0C}.Release|Any CPU.Build.0 = Release|Any CPU
		{1AA4E3C1-E2F7-4DE1-BE0A-CB7B7F4A9C81}.Debug|Any CPU.ActiveCfg = Debug|Any CPU
		{1AA4E3C1-E2F7-4DE1-BE0A-CB7B7F4A9C81}.Debug|Any CPU.Build.0 = Debug|Any CPU
		{1AA4E3C1-E2F7-4DE1-BE0A-CB7B7F4A9C81}.Release|Any CPU.ActiveCfg = Release|Any CPU
		{1AA4E3C1-E2F7-4DE1-BE0A-CB7B7F4A9C81}.Release|Any CPU.Build.0 = Release|Any CPU
		{C5BD404B-08CD-40EF-B385-FC47794AA017}.Debug|Any CPU.ActiveCfg = Debug|Any CPU
		{C5BD404B-08CD-40EF-B385-FC47794AA017}.Debug|Any CPU.Build.0 = Debug|Any CPU
		{C5BD404B-08CD-40EF-B385-FC47794AA017}.Release|Any CPU.ActiveCfg = Release|Any CPU
		{C5BD404B-08CD-40EF-B385-FC47794AA017}.Release|Any CPU.Build.0 = Release|Any CPU
	EndGlobalSection
	GlobalSection(SolutionProperties) = preSolution
		HideSolutionNode = FALSE
	EndGlobalSection
	GlobalSection(ExtensibilityGlobals) = postSolution
		SolutionGuid = {38D68493-DB5D-4810-A219-832AF3AB9023}
	EndGlobalSection
EndGlobal
